
Microsoft Visual Studio Solution File, Format Version 12.00
# Visual Studio Version 17
VisualStudioVersion = 17.14.36623.8 d17.14
MinimumVisualStudioVersion = 10.0.40219.1
Project("{FAE04EC0-301F-11D3-BF4B-00C04F79EFBC}") = "Electricity_PRJ", "Electricity_PRJ\Electricity_PRJ.csproj", "{5C8D51E0-6B90-4D1A-B08E-C90D4CFFB4A7}"
EndProject
Global
	GlobalSection(SolutionConfigurationPlatforms) = preSolution
		Debug|Any CPU = Debug|Any CPU
		Release|Any CPU = Release|Any CPU
	EndGlobalSection
	GlobalSection(ProjectConfigurationPlatforms) = postSolution
		{5C8D51E0-6B90-4D1A-B08E-C90D4CFFB4A7}.Debug|Any CPU.ActiveCfg = Debug|Any CPU
		{5C8D51E0-6B90-4D1A-B08E-C90D4CFFB4A7}.Debug|Any CPU.Build.0 = Debug|Any CPU
		{5C8D51E0-6B90-4D1A-B08E-C90D4CFFB4A7}.Release|Any CPU.ActiveCfg = Release|Any CPU
		{5C8D51E0-6B90-4D1A-B08E-C90D4CFFB4A7}.Release|Any CPU.Build.0 = Release|Any CPU
	EndGlobalSection
	GlobalSection(SolutionProperties) = preSolution
		HideSolutionNode = FALSE
	EndGlobalSection
	GlobalSection(ExtensibilityGlobals) = postSolution
		SolutionGuid = {C5323C73-B937-4138-95A1-79A5D8E90967}
	EndGlobalSection
EndGlobal
